<?xml version="1.0" encoding="utf-8"?>
<Project ToolsVersion="4.0" xmlns="http://schemas.microsoft.com/developer/msbuild/2003">
  <ItemGroup>
    <Filter Include="Source Files">
      <UniqueIdentifier>{4FC737F1-C7A5-4376-A066-2A32D752A2FF}</UniqueIdentifier>
      <Extensions>cpp;c;cc;cxx;def;odl;idl;hpj;bat;asm;asmx</Extensions>
    </Filter>
    <Filter Include="Header Files">
      <UniqueIdentifier>{93995380-89BD-4b04-88EB-625FBE52EBFB}</UniqueIdentifier>
      <Extensions>h;hh;hpp;hxx;hm;inl;inc;xsd</Extensions>
    </Filter>
    <Filter Include="Resource Files">
      <UniqueIdentifier>{67DA6AB6-F800-4c08-8B7A-83BB121AAD01}</UniqueIdentifier>
      <Extensions>rc;ico;cur;bmp;dlg;rc2;rct;bin;rgs;gif;jpg;jpeg;jpe;resx;tiff;tif;png;wav;mfcribbon-ms</Extensions>
    </Filter>
    <Filter Include="Header Files\sampler">
      <UniqueIdentifier>{2258e439-3de2-49a8-95d0-0b00a3fd0b92}</UniqueIdentifier>
    </Filter>
    <Filter Include="Header Files\math">
      <UniqueIdentifier>{84bb62b6-de73-4d8b-b518-cbbdab4c9518}</UniqueIdentifier>
    </Filter>
    <Filter Include="Header Files\sampling">
      <UniqueIdentifier>{cd7aefdc-9723-469c-9ef4-3bb4911934d5}</UniqueIdentifier>
    </Filter>
    <Filter Include="Header Files\geometry">
      <UniqueIdentifier>{ce5ee37a-5e40-482a-ad58-0ca146e0b0b5}</UniqueIdentifier>
    </Filter>
    <Filter Include="Header Files\intersection">
      <UniqueIdentifier>{51496eee-9e5c-4d9f-81de-f352392862e2}</UniqueIdentifier>
    </Filter>
    <Filter Include="Header Files\bsdf">
      <UniqueIdentifier>{b58fc185-e144-426a-ac73-0b9e359e08cd}</UniqueIdentifier>
    </Filter>
    <Filter Include="Header Files\material">
      <UniqueIdentifier>{ecc57799-064d-48a8-8e0b-cace23490af7}</UniqueIdentifier>
    </Filter>
    <Filter Include="Header Files\shape">
      <UniqueIdentifier>{95db4930-870c-4d70-88fc-fce7c2815962}</UniqueIdentifier>
    </Filter>
    <Filter Include="Header Files\light">
      <UniqueIdentifier>{6a641580-bc79-4791-b46f-2095060cc506}</UniqueIdentifier>
    </Filter>
    <Filter Include="Header Files\imageio">
      <UniqueIdentifier>{c7b93930-8784-4885-a3ab-f5528ef3f967}</UniqueIdentifier>
    </Filter>
    <Filter Include="Header Files\film">
      <UniqueIdentifier>{a3b056e9-e4c8-4660-b820-1083f98decf5}</UniqueIdentifier>
    </Filter>
    <Filter Include="Header Files\filter">
      <UniqueIdentifier>{1417554e-f18c-44df-99b4-cfabb53158e3}</UniqueIdentifier>
    </Filter>
    <Filter Include="Header Files\camera">
      <UniqueIdentifier>{6105c7e8-a235-456c-aa52-fffc1a733ed5}</UniqueIdentifier>
    </Filter>
    <Filter Include="Header Files\scene">
      <UniqueIdentifier>{0a4f9b8e-e506-4e48-bccf-7bdbb5dd5ddb}</UniqueIdentifier>
    </Filter>
    <Filter Include="Header Files\integrator">
      <UniqueIdentifier>{b9d48280-0fee-4b49-a70b-47ec5777e88d}</UniqueIdentifier>
    </Filter>
    <Filter Include="Source Files\integrator">
      <UniqueIdentifier>{64b9aebf-2e1d-4f2a-ac60-d185ccdd28be}</UniqueIdentifier>
    </Filter>
    <Filter Include="Source Files\sampler">
      <UniqueIdentifier>{d55fbb99-cbd6-4e6c-a885-79cb51e834bb}</UniqueIdentifier>
    </Filter>
    <Filter Include="Source Files\math">
      <UniqueIdentifier>{0b7e81bd-41d5-479e-803c-d4ccf463111a}</UniqueIdentifier>
    </Filter>
    <Filter Include="Source Files\sampling">
      <UniqueIdentifier>{36674d5d-bec0-47a2-af5d-e3302c554aa0}</UniqueIdentifier>
    </Filter>
    <Filter Include="Header Files\system">
      <UniqueIdentifier>{17b52b70-e539-4b64-961f-91158fd34758}</UniqueIdentifier>
    </Filter>
    <Filter Include="Header Files\numeric">
      <UniqueIdentifier>{1d1011f0-f04c-48d9-809c-fadcef0bb2b8}</UniqueIdentifier>
    </Filter>
    <Filter Include="Source Files\numeric">
      <UniqueIdentifier>{373f84cf-13b9-4871-b61e-eea158613a25}</UniqueIdentifier>
    </Filter>
    <Filter Include="Header Files\primitive">
      <UniqueIdentifier>{c1659d2b-8d11-4b68-a0fa-ac3f9fde1b15}</UniqueIdentifier>
    </Filter>
    <Filter Include="Header Files\simd">
      <UniqueIdentifier>{5968d54f-34f4-4aa6-ad01-e5db02e23e4d}</UniqueIdentifier>
    </Filter>
    <Filter Include="Source Files\geometry">
      <UniqueIdentifier>{6242d077-5c20-4dd9-aea1-ebf4e12634a2}</UniqueIdentifier>
    </Filter>
    <Filter Include="Source Files\primitive">
      <UniqueIdentifier>{5a74a1be-2f8a-40ca-8a65-59145923ad31}</UniqueIdentifier>
    </Filter>
    <Filter Include="Header Files\accelerator">
      <UniqueIdentifier>{12581f52-ad65-4d90-9142-cbebdadcb448}</UniqueIdentifier>
    </Filter>
    <Filter Include="Header Files\texture">
      <UniqueIdentifier>{13255c48-bdc5-429e-bde3-69df4b4a27ff}</UniqueIdentifier>
    </Filter>
    <Filter Include="Source Files\intersection">
      <UniqueIdentifier>{c242105b-5d24-4fad-9628-80ef4819a1f7}</UniqueIdentifier>
    </Filter>
    <Filter Include="Source Files\shape">
      <UniqueIdentifier>{613dda42-3b0b-4dd3-9353-09d43112486d}</UniqueIdentifier>
    </Filter>
    <Filter Include="Source Files\accelerator">
      <UniqueIdentifier>{d5246745-fd46-4e45-b610-ec256b469a1e}</UniqueIdentifier>
    </Filter>
    <Filter Include="Source Files\system">
      <UniqueIdentifier>{99fa6f3a-3c3b-47a3-b472-9d8a73c85c66}</UniqueIdentifier>
    </Filter>
    <Filter Include="Source Files\bsdf">
      <UniqueIdentifier>{5840c55f-7532-47a6-870d-031fd6ff2327}</UniqueIdentifier>
    </Filter>
    <Filter Include="Header Files\mesh">
      <UniqueIdentifier>{801575a9-b6a1-48db-8614-e3f22b8d8d1d}</UniqueIdentifier>
    </Filter>
    <Filter Include="Source Files\mesh">
      <UniqueIdentifier>{48bee6f0-d373-412e-af79-3a62d1e4e5cf}</UniqueIdentifier>
    </Filter>
    <Filter Include="Source Files\scene">
      <UniqueIdentifier>{7a5dc246-8f68-4932-b8c5-b154b7d60660}</UniqueIdentifier>
    </Filter>
    <Filter Include="Source Files\camera">
      <UniqueIdentifier>{fcf38495-6f02-4f8f-8ce2-3e700dee57b2}</UniqueIdentifier>
    </Filter>
    <Filter Include="Source Files\film">
      <UniqueIdentifier>{01840f26-a326-4683-b94b-d719db5c8099}</UniqueIdentifier>
    </Filter>
    <Filter Include="Source Files\texture">
      <UniqueIdentifier>{052c66f3-3be2-4ed0-867f-ace99fbf22f0}</UniqueIdentifier>
    </Filter>
    <Filter Include="Source Files\imageio">
      <UniqueIdentifier>{a8d36f7d-5012-4df9-a4b9-bcadd179f004}</UniqueIdentifier>
    </Filter>
    <Filter Include="Source Files\light">
      <UniqueIdentifier>{7cf5bb47-917d-4cd8-ba8d-87bc4b87ed6d}</UniqueIdentifier>
    </Filter>
    <Filter Include="Header Files\media">
      <UniqueIdentifier>{f06669c1-7bdf-405e-bb16-1ced92dfc43b}</UniqueIdentifier>
    </Filter>
    <Filter Include="Source Files\media">
      <UniqueIdentifier>{54671fe7-cf85-49f2-8ce1-78d9d7202839}</UniqueIdentifier>
    </Filter>
  </ItemGroup>
  <ItemGroup>
    <ClCompile Include="src\math\AABB.cpp">
      <Filter>Source Files\geometry</Filter>
    </ClCompile>
    <ClCompile Include="src\accelerator\bvh_accel.cpp">
      <Filter>Source Files\accelerator</Filter>
    </ClCompile>
    <ClCompile Include="src\common\debug_utils.cpp">
      <Filter>Source Files</Filter>
    </ClCompile>
    <ClCompile Include="src\light\environment_light.cpp">
      <Filter>Source Files\light</Filter>
    </ClCompile>
    <ClCompile Include="src\volume\homogeneous.cpp">
      <Filter>Source Files\media</Filter>
    </ClCompile>
    <ClCompile Include="src\shape\heart_surface.cpp">
      <Filter>Source Files\shape</Filter>
    </ClCompile>
    <ClCompile Include="src\accelerator\kdtree_accel.cpp">
      <Filter>Source Files\accelerator</Filter>
    </ClCompile>
    <ClCompile Include="src\math\lowdiscrepency.cpp">
      <Filter>Source Files</Filter>
    </ClCompile>
    <ClCompile Include="src\integrator\path.cpp">
      <Filter>Source Files\integrator</Filter>
    </ClCompile>
    <ClCompile Include="src\system\memory.cpp">
      <Filter>Source Files\system</Filter>
    </ClCompile>
    <ClCompile Include="src\mesh\mesh.cpp">
      <Filter>Source Files\mesh</Filter>
    </ClCompile>
    <ClCompile Include="src\camera\phinhole.cpp">
      <Filter>Source Files\camera</Filter>
    </ClCompile>
    <ClCompile Include="src\light\point_light.cpp">
      <Filter>Source Files\light</Filter>
    </ClCompile>
    <ClCompile Include="src\math\ray.cpp">
      <Filter>Source Files\geometry</Filter>
    </ClCompile>
    <ClCompile Include="src\sampler\sobol.cpp">
      <Filter>Source Files\sampler</Filter>
    </ClCompile>
    <ClCompile Include="src\sampler\sobol_enum.cpp">
      <Filter>Source Files\sampler</Filter>
    </ClCompile>
    <ClCompile Include="src\integrator\sppm.cpp">
      <Filter>Source Files\integrator</Filter>
    </ClCompile>
    <ClCompile Include="src\math\transform.cpp">
      <Filter>Source Files\math</Filter>
    </ClCompile>
    <ClCompile Include="src\integrator\vpath.cpp">
      <Filter>Source Files\integrator</Filter>
    </ClCompile>
    <ClCompile Include="src\shape\triangle.cpp">
      <Filter>Source Files\shape</Filter>
    </ClCompile>
    <ClCompile Include="src\integrator\tiled_integrator.cpp">
      <Filter>Source Files\integrator</Filter>
    </ClCompile>
    <ClCompile Include="src\camera\camera.cpp">
      <Filter>Source Files\camera</Filter>
    </ClCompile>
    <ClCompile Include="src\integrator\integrator.cpp">
      <Filter>Source Files\integrator</Filter>
    </ClCompile>
    <ClCompile Include="src\sampler\sampler.cpp">
      <Filter>Source Files\sampler</Filter>
    </ClCompile>
    <ClCompile Include="src\math\linagl.cpp">
      <Filter>Source Files\math</Filter>
    </ClCompile>
    <ClCompile Include="src\shape\shape.cpp">
      <Filter>Source Files\shape</Filter>
    </ClCompile>
    <ClCompile Include="src\numeric\efloat.cpp">
      <Filter>Source Files\numeric</Filter>
    </ClCompile>
    <ClCompile Include="src\bsdf\bsdf.cpp">
      <Filter>Source Files\bsdf</Filter>
    </ClCompile>
    <ClCompile Include="src\image\image_io.cpp">
      <Filter>Source Files\imageio</Filter>
    </ClCompile>
    <ClCompile Include="src\visual\film.cpp">
      <Filter>Source Files\film</Filter>
    </ClCompile>
    <ClCompile Include="src\visual\intersection.cpp">
      <Filter>Source Files\intersection</Filter>
    </ClCompile>
    <ClCompile Include="src\visual\medium.cpp">
      <Filter>Source Files\media</Filter>
    </ClCompile>
    <ClCompile Include="src\visual\microfacet.cpp">
      <Filter>Source Files\bsdf</Filter>
    </ClCompile>
    <ClCompile Include="src\visual\primitive.cpp">
      <Filter>Source Files\primitive</Filter>
    </ClCompile>
    <ClCompile Include="src\visual\sampling.cpp">
      <Filter>Source Files\sampling</Filter>
    </ClCompile>
    <ClCompile Include="src\visual\scene.cpp">
      <Filter>Source Files\scene</Filter>
    </ClCompile>
    <ClCompile Include="src\visual\visibility.cpp">
      <Filter>Source Files\intersection</Filter>
    </ClCompile>
    <ClCompile Include="external\stb\stb_vorbis.c">
      <Filter>Source Files</Filter>
    </ClCompile>
    <ClCompile Include="src\system\threading.cpp">
      <Filter>Source Files</Filter>
    </ClCompile>
  </ItemGroup>
  <ItemGroup>
    <ClInclude Include="src\def.h">
      <Filter>Header Files</Filter>
    </ClInclude>
    <ClInclude Include="src\math\AABB.h">
      <Filter>Header Files\geometry</Filter>
    </ClInclude>
    <ClInclude Include="src\accelerator\accelerator.h">
      <Filter>Header Files\accelerator</Filter>
    </ClInclude>
    <ClInclude Include="src\simd\avx.h">
      <Filter>Header Files\simd</Filter>
    </ClInclude>
    <ClInclude Include="src\accelerator\brute_force.h">
      <Filter>Header Files\accelerator</Filter>
    </ClInclude>
    <ClInclude Include="src\accelerator\bvh_accel.h">
      <Filter>Header Files\accelerator</Filter>
    </ClInclude>
    <ClInclude Include="src\common\debug_utils.h">
      <Filter>Header Files</Filter>
    </ClInclude>
    <ClInclude Include="src\material\diffuse.h">
      <Filter>Header Files\material</Filter>
    </ClInclude>
    <ClInclude Include="src\light\environment_light.h">
      <Filter>Header Files\light</Filter>
    </ClInclude>
    <ClInclude Include="src\light\environment_map.h">
      <Filter>Header Files\light</Filter>
    </ClInclude>
    <ClInclude Include="src\math\filter.h">
      <Filter>Header Files\filter</Filter>
    </ClInclude>
    <ClInclude Include="src\texture\constant_texture.h">
      <Filter>Header Files\texture</Filter>
    </ClInclude>
    <ClInclude Include="src\sampler\halton.h">
      <Filter>Header Files\sampler</Filter>
    </ClInclude>
    <ClInclude Include="src\sampler\halton_enum.h">
      <Filter>Header Files\sampler</Filter>
    </ClInclude>
    <ClInclude Include="src\math\geometry_util.h">
      <Filter>Header Files\math</Filter>
    </ClInclude>
    <ClInclude Include="src\material\glass.h">
      <Filter>Header Files\material</Filter>
    </ClInclude>
    <ClInclude Include="src\volume\homogeneous.h">
      <Filter>Header Files\media</Filter>
    </ClInclude>
    <ClInclude Include="src\shape\heart_surface.h">
      <Filter>Header Files\shape</Filter>
    </ClInclude>
    <ClInclude Include="src\integrator\hashgrid.h">
      <Filter>Header Files\integrator</Filter>
    </ClInclude>
    <ClInclude Include="src\texture\image_texture.h">
      <Filter>Header Files\texture</Filter>
    </ClInclude>
    <ClInclude Include="src\accelerator\kdtree_accel.h">
      <Filter>Header Files\accelerator</Filter>
    </ClInclude>
    <ClInclude Include="src\math\linagl.h">
      <Filter>Header Files\math</Filter>
    </ClInclude>
    <ClInclude Include="src\math\lowdiscrepency.h">
      <Filter>Header Files</Filter>
    </ClInclude>
    <ClInclude Include="src\integrator\path.h">
      <Filter>Header Files\integrator</Filter>
    </ClInclude>
    <ClInclude Include="src\system\memory.h">
      <Filter>Header Files\system</Filter>
    </ClInclude>
    <ClInclude Include="src\mesh\mesh.h">
      <Filter>Header Files\mesh</Filter>
    </ClInclude>
    <ClInclude Include="src\camera\phinhole.h">
      <Filter>Header Files\camera</Filter>
    </ClInclude>
    <ClInclude Include="src\light\point_light.h">
      <Filter>Header Files\light</Filter>
    </ClInclude>
    <ClInclude Include="src\math\math_utils.h">
      <Filter>Header Files\math</Filter>
    </ClInclude>
    <ClInclude Include="src\material\rough_dielectric.h">
      <Filter>Header Files\material</Filter>
    </ClInclude>
    <ClInclude Include="src\material\roughness.h">
      <Filter>Header Files\material</Filter>
    </ClInclude>
    <ClInclude Include="src\material\mirror.h">
      <Filter>Header Files\material</Filter>
    </ClInclude>
    <ClInclude Include="src\material\plastic.h">
      <Filter>Header Files\material</Filter>
    </ClInclude>
    <ClInclude Include="src\math\ray.h">
      <Filter>Header Files\geometry</Filter>
    </ClInclude>
    <ClInclude Include="src\sampler\sobol.h">
      <Filter>Header Files\sampler</Filter>
    </ClInclude>
    <ClInclude Include="src\sampler\sobol_enum.h">
      <Filter>Header Files\sampler</Filter>
    </ClInclude>
    <ClInclude Include="src\shape\sphere.h">
      <Filter>Header Files\shape</Filter>
    </ClInclude>
    <ClInclude Include="src\simd\sse.h">
      <Filter>Header Files\simd</Filter>
    </ClInclude>
    <ClInclude Include="src\integrator\sppm.h">
      <Filter>Header Files\integrator</Filter>
    </ClInclude>
    <ClInclude Include="src\math\transform.h">
      <Filter>Header Files\math</Filter>
    </ClInclude>
    <ClInclude Include="src\integrator\vpath.h">
      <Filter>Header Files\integrator</Filter>
    </ClInclude>
    <ClInclude Include="src\shape\triangle.h">
      <Filter>Header Files\shape</Filter>
    </ClInclude>
    <ClInclude Include="src\sampler\sampler_enum.h">
      <Filter>Header Files\sampler</Filter>
    </ClInclude>
    <ClInclude Include="src\integrator\tiled_integrator.h">
      <Filter>Header Files\integrator</Filter>
    </ClInclude>
    <ClInclude Include="src\system\threading.h">
      <Filter>Header Files\system</Filter>
    </ClInclude>
    <ClInclude Include="src\camera\camera.h">
      <Filter>Header Files\camera</Filter>
    </ClInclude>
    <ClInclude Include="src\integrator\integrator.h">
      <Filter>Header Files\integrator</Filter>
    </ClInclude>
    <ClInclude Include="src\light\light.h">
      <Filter>Header Files\light</Filter>
    </ClInclude>
    <ClInclude Include="src\sampler\sampler.h">
      <Filter>Header Files\sampler</Filter>
    </ClInclude>
    <ClInclude Include="src\shape\shape.h">
      <Filter>Header Files\shape</Filter>
    </ClInclude>
    <ClInclude Include="src\texture\texture.h">
      <Filter>Header Files\texture</Filter>
    </ClInclude>
    <ClInclude Include="src\ForwardDecl.h">
      <Filter>Header Files</Filter>
    </ClInclude>
    <ClInclude Include="src\light\area_light.h">
      <Filter>Header Files\light</Filter>
    </ClInclude>
    <ClInclude Include="src\utils.h">
      <Filter>Header Files</Filter>
    </ClInclude>
    <ClInclude Include="src\numeric\efloat.h">
      <Filter>Header Files\numeric</Filter>
    </ClInclude>
    <ClInclude Include="src\numeric\numeric_utils.h">
      <Filter>Header Files\numeric</Filter>
    </ClInclude>
    <ClInclude Include="src\container\array.h">
      <Filter>Header Files\math</Filter>
    </ClInclude>
    <ClInclude Include="src\material\material.h">
      <Filter>Header Files\material</Filter>
    </ClInclude>
    <ClInclude Include="src\bsdf\bsdf.h">
      <Filter>Header Files\bsdf</Filter>
    </ClInclude>
    <ClInclude Include="src\image\image_io.h">
      <Filter>Header Files\imageio</Filter>
    </ClInclude>
    <ClInclude Include="src\visual\film.h">
      <Filter>Header Files\film</Filter>
    </ClInclude>
    <ClInclude Include="src\visual\intersection.h">
      <Filter>Header Files\intersection</Filter>
    </ClInclude>
    <ClInclude Include="src\visual\medium.h">
      <Filter>Header Files\media</Filter>
    </ClInclude>
    <ClInclude Include="src\visual\microfacet.h">
      <Filter>Header Files\bsdf</Filter>
    </ClInclude>
    <ClInclude Include="src\visual\primitive.h">
      <Filter>Header Files\primitive</Filter>
    </ClInclude>
    <ClInclude Include="src\visual\renderer.h">
      <Filter>Header Files</Filter>
    </ClInclude>
    <ClInclude Include="src\visual\rng.h">
      <Filter>Header Files</Filter>
    </ClInclude>
    <ClInclude Include="src\visual\sampling.h">
      <Filter>Header Files\sampling</Filter>
    </ClInclude>
    <ClInclude Include="src\visual\scene.h">
      <Filter>Header Files\scene</Filter>
    </ClInclude>
    <ClInclude Include="src\visual\visibility.h">
      <Filter>Header Files\intersection</Filter>
    </ClInclude>
    <ClInclude Include="external\stb\stb.h">
      <Filter>Header Files</Filter>
    </ClInclude>
    <ClInclude Include="external\stb\stb_c_lexer.h">
      <Filter>Header Files</Filter>
    </ClInclude>
    <ClInclude Include="external\stb\stb_connected_components.h">
      <Filter>Header Files</Filter>
    </ClInclude>
    <ClInclude Include="external\stb\stb_divide.h">
      <Filter>Header Files</Filter>
    </ClInclude>
    <ClInclude Include="external\stb\stb_ds.h">
      <Filter>Header Files</Filter>
    </ClInclude>
    <ClInclude Include="external\stb\stb_dxt.h">
      <Filter>Header Files</Filter>
    </ClInclude>
    <ClInclude Include="external\stb\stb_easy_font.h">
      <Filter>Header Files</Filter>
    </ClInclude>
    <ClInclude Include="external\stb\stb_herringbone_wang_tile.h">
      <Filter>Header Files</Filter>
    </ClInclude>
    <ClInclude Include="external\stb\stb_image.h">
      <Filter>Header Files</Filter>
    </ClInclude>
    <ClInclude Include="external\stb\stb_image_resize.h">
      <Filter>Header Files</Filter>
    </ClInclude>
    <ClInclude Include="external\stb\stb_image_write.h">
      <Filter>Header Files</Filter>
    </ClInclude>
    <ClInclude Include="external\stb\stb_include.h">
      <Filter>Header Files</Filter>
    </ClInclude>
    <ClInclude Include="external\stb\stb_leakcheck.h">
      <Filter>Header Files</Filter>
    </ClInclude>
    <ClInclude Include="external\stb\stb_perlin.h">
      <Filter>Header Files</Filter>
    </ClInclude>
    <ClInclude Include="external\stb\stb_rect_pack.h">
      <Filter>Header Files</Filter>
    </ClInclude>
    <ClInclude Include="external\stb\stb_sprintf.h">
      <Filter>Header Files</Filter>
    </ClInclude>
    <ClInclude Include="external\stb\stb_textedit.h">
      <Filter>Header Files</Filter>
    </ClInclude>
    <ClInclude Include="external\stb\stb_tilemap_editor.h">
      <Filter>Header Files</Filter>
    </ClInclude>
    <ClInclude Include="external\stb\stb_truetype.h">
      <Filter>Header Files</Filter>
    </ClInclude>
    <ClInclude Include="external\stb\stb_voxel_render.h">
      <Filter>Header Files</Filter>
    </ClInclude>
    <ClInclude Include="external\stb\stretchy_buffer.h">
      <Filter>Header Files</Filter>
    </ClInclude>
    <ClInclude Include="external\tbb\compat\ppl.h">
      <Filter>Header Files</Filter>
    </ClInclude>
    <ClInclude Include="external\tbb\internal\_aggregator_impl.h">
      <Filter>Header Files</Filter>
    </ClInclude>
    <ClInclude Include="external\tbb\internal\_allocator_traits.h">
      <Filter>Header Files</Filter>
    </ClInclude>
    <ClInclude Include="external\tbb\internal\_concurrent_queue_impl.h">
      <Filter>Header Files</Filter>
    </ClInclude>
    <ClInclude Include="external\tbb\internal\_concurrent_skip_list_impl.h">
      <Filter>Header Files</Filter>
    </ClInclude>
    <ClInclude Include="external\tbb\internal\_concurrent_unordered_impl.h">
      <Filter>Header Files</Filter>
    </ClInclude>
    <ClInclude Include="external\tbb\internal\_flow_graph_async_msg_impl.h">
      <Filter>Header Files</Filter>
    </ClInclude>
    <ClInclude Include="external\tbb\internal\_flow_graph_body_impl.h">
      <Filter>Header Files</Filter>
    </ClInclude>
    <ClInclude Include="external\tbb\internal\_flow_graph_cache_impl.h">
      <Filter>Header Files</Filter>
    </ClInclude>
    <ClInclude Include="external\tbb\internal\_flow_graph_impl.h">
      <Filter>Header Files</Filter>
    </ClInclude>
    <ClInclude Include="external\tbb\internal\_flow_graph_indexer_impl.h">
      <Filter>Header Files</Filter>
    </ClInclude>
    <ClInclude Include="external\tbb\internal\_flow_graph_item_buffer_impl.h">
      <Filter>Header Files</Filter>
    </ClInclude>
    <ClInclude Include="external\tbb\internal\_flow_graph_join_impl.h">
      <Filter>Header Files</Filter>
    </ClInclude>
    <ClInclude Include="external\tbb\internal\_flow_graph_node_impl.h">
      <Filter>Header Files</Filter>
    </ClInclude>
    <ClInclude Include="external\tbb\internal\_flow_graph_streaming_node.h">
      <Filter>Header Files</Filter>
    </ClInclude>
    <ClInclude Include="external\tbb\internal\_flow_graph_tagged_buffer_impl.h">
      <Filter>Header Files</Filter>
    </ClInclude>
    <ClInclude Include="external\tbb\internal\_flow_graph_trace_impl.h">
      <Filter>Header Files</Filter>
    </ClInclude>
    <ClInclude Include="external\tbb\internal\_flow_graph_types_impl.h">
      <Filter>Header Files</Filter>
    </ClInclude>
    <ClInclude Include="external\tbb\internal\_mutex_padding.h">
      <Filter>Header Files</Filter>
    </ClInclude>
    <ClInclude Include="external\tbb\internal\_node_handle_impl.h">
      <Filter>Header Files</Filter>
    </ClInclude>
    <ClInclude Include="external\tbb\internal\_range_iterator.h">
      <Filter>Header Files</Filter>
    </ClInclude>
    <ClInclude Include="external\tbb\internal\_tbb_hash_compare_impl.h">
      <Filter>Header Files</Filter>
    </ClInclude>
    <ClInclude Include="external\tbb\internal\_tbb_strings.h">
      <Filter>Header Files</Filter>
    </ClInclude>
    <ClInclude Include="external\tbb\internal\_tbb_trace_impl.h">
      <Filter>Header Files</Filter>
    </ClInclude>
    <ClInclude Include="external\tbb\internal\_tbb_windef.h">
      <Filter>Header Files</Filter>
    </ClInclude>
    <ClInclude Include="external\tbb\internal\_template_helpers.h">
      <Filter>Header Files</Filter>
    </ClInclude>
    <ClInclude Include="external\tbb\internal\_x86_eliding_mutex_impl.h">
      <Filter>Header Files</Filter>
    </ClInclude>
    <ClInclude Include="external\tbb\internal\_x86_rtm_rw_mutex_impl.h">
      <Filter>Header Files</Filter>
    </ClInclude>
    <ClInclude Include="external\tbb\machine\gcc_arm.h">
      <Filter>Header Files</Filter>
    </ClInclude>
    <ClInclude Include="external\tbb\machine\gcc_generic.h">
      <Filter>Header Files</Filter>
    </ClInclude>
    <ClInclude Include="external\tbb\machine\gcc_ia32_common.h">
      <Filter>Header Files</Filter>
    </ClInclude>
    <ClInclude Include="external\tbb\machine\gcc_itsx.h">
      <Filter>Header Files</Filter>
    </ClInclude>
    <ClInclude Include="external\tbb\machine\ibm_aix51.h">
      <Filter>Header Files</Filter>
    </ClInclude>
    <ClInclude Include="external\tbb\machine\icc_generic.h">
      <Filter>Header Files</Filter>
    </ClInclude>
    <ClInclude Include="external\tbb\machine\linux_common.h">
      <Filter>Header Files</Filter>
    </ClInclude>
    <ClInclude Include="external\tbb\machine\linux_ia32.h">
      <Filter>Header Files</Filter>
    </ClInclude>
    <ClInclude Include="external\tbb\machine\linux_ia64.h">
      <Filter>Header Files</Filter>
    </ClInclude>
    <ClInclude Include="external\tbb\machine\linux_intel64.h">
      <Filter>Header Files</Filter>
    </ClInclude>
    <ClInclude Include="external\tbb\machine\mac_ppc.h">
      <Filter>Header Files</Filter>
    </ClInclude>
    <ClInclude Include="external\tbb\machine\macos_common.h">
      <Filter>Header Files</Filter>
    </ClInclude>
    <ClInclude Include="external\tbb\machine\mic_common.h">
      <Filter>Header Files</Filter>
    </ClInclude>
    <ClInclude Include="external\tbb\machine\msvc_armv7.h">
      <Filter>Header Files</Filter>
    </ClInclude>
    <ClInclude Include="external\tbb\machine\msvc_ia32_common.h">
      <Filter>Header Files</Filter>
    </ClInclude>
    <ClInclude Include="external\tbb\machine\sunos_sparc.h">
      <Filter>Header Files</Filter>
    </ClInclude>
    <ClInclude Include="external\tbb\machine\windows_api.h">
      <Filter>Header Files</Filter>
    </ClInclude>
    <ClInclude Include="external\tbb\machine\windows_ia32.h">
      <Filter>Header Files</Filter>
    </ClInclude>
    <ClInclude Include="external\tbb\machine\windows_intel64.h">
      <Filter>Header Files</Filter>
    </ClInclude>
    <ClInclude Include="external\tbb\aggregator.h">
      <Filter>Header Files</Filter>
    </ClInclude>
    <ClInclude Include="external\tbb\aligned_space.h">
      <Filter>Header Files</Filter>
    </ClInclude>
    <ClInclude Include="external\tbb\atomic.h">
      <Filter>Header Files</Filter>
    </ClInclude>
    <ClInclude Include="external\tbb\blocked_range.h">
      <Filter>Header Files</Filter>
    </ClInclude>
    <ClInclude Include="external\tbb\blocked_range2d.h">
      <Filter>Header Files</Filter>
    </ClInclude>
    <ClInclude Include="external\tbb\blocked_range3d.h">
      <Filter>Header Files</Filter>
    </ClInclude>
    <ClInclude Include="external\tbb\blocked_rangeNd.h">
      <Filter>Header Files</Filter>
    </ClInclude>
    <ClInclude Include="external\tbb\cache_aligned_allocator.h">
      <Filter>Header Files</Filter>
    </ClInclude>
    <ClInclude Include="external\tbb\combinable.h">
      <Filter>Header Files</Filter>
    </ClInclude>
    <ClInclude Include="external\tbb\concurrent_hash_map.h">
      <Filter>Header Files</Filter>
    </ClInclude>
    <ClInclude Include="external\tbb\concurrent_lru_cache.h">
      <Filter>Header Files</Filter>
    </ClInclude>
    <ClInclude Include="external\tbb\concurrent_map.h">
      <Filter>Header Files</Filter>
    </ClInclude>
    <ClInclude Include="external\tbb\concurrent_priority_queue.h">
      <Filter>Header Files</Filter>
    </ClInclude>
    <ClInclude Include="external\tbb\concurrent_queue.h">
      <Filter>Header Files</Filter>
    </ClInclude>
    <ClInclude Include="external\tbb\concurrent_set.h">
      <Filter>Header Files</Filter>
    </ClInclude>
    <ClInclude Include="external\tbb\concurrent_unordered_map.h">
      <Filter>Header Files</Filter>
    </ClInclude>
    <ClInclude Include="external\tbb\concurrent_unordered_set.h">
      <Filter>Header Files</Filter>
    </ClInclude>
    <ClInclude Include="external\tbb\concurrent_vector.h">
      <Filter>Header Files</Filter>
    </ClInclude>
    <ClInclude Include="external\tbb\critical_section.h">
      <Filter>Header Files</Filter>
    </ClInclude>
    <ClInclude Include="external\tbb\enumerable_thread_specific.h">
      <Filter>Header Files</Filter>
    </ClInclude>
    <ClInclude Include="external\tbb\flow_graph.h">
      <Filter>Header Files</Filter>
    </ClInclude>
    <ClInclude Include="external\tbb\flow_graph_abstractions.h">
      <Filter>Header Files</Filter>
    </ClInclude>
    <ClInclude Include="external\tbb\flow_graph_opencl_node.h">
      <Filter>Header Files</Filter>
    </ClInclude>
    <ClInclude Include="external\tbb\global_control.h">
      <Filter>Header Files</Filter>
    </ClInclude>
    <ClInclude Include="external\tbb\iterators.h">
      <Filter>Header Files</Filter>
    </ClInclude>
    <ClInclude Include="external\tbb\memory_pool.h">
      <Filter>Header Files</Filter>
    </ClInclude>
    <ClInclude Include="external\tbb\mutex.h">
      <Filter>Header Files</Filter>
    </ClInclude>
    <ClInclude Include="external\tbb\null_mutex.h">
      <Filter>Header Files</Filter>
    </ClInclude>
    <ClInclude Include="external\tbb\null_rw_mutex.h">
      <Filter>Header Files</Filter>
    </ClInclude>
    <ClInclude Include="external\tbb\parallel_do.h">
      <Filter>Header Files</Filter>
    </ClInclude>
    <ClInclude Include="external\tbb\parallel_for.h">
      <Filter>Header Files</Filter>
    </ClInclude>
    <ClInclude Include="external\tbb\parallel_for_each.h">
      <Filter>Header Files</Filter>
    </ClInclude>
    <ClInclude Include="external\tbb\parallel_invoke.h">
      <Filter>Header Files</Filter>
    </ClInclude>
    <ClInclude Include="external\tbb\parallel_reduce.h">
      <Filter>Header Files</Filter>
    </ClInclude>
    <ClInclude Include="external\tbb\parallel_scan.h">
      <Filter>Header Files</Filter>
    </ClInclude>
    <ClInclude Include="external\tbb\parallel_sort.h">
      <Filter>Header Files</Filter>
    </ClInclude>
    <ClInclude Include="external\tbb\parallel_while.h">
      <Filter>Header Files</Filter>
    </ClInclude>
    <ClInclude Include="external\tbb\partitioner.h">
      <Filter>Header Files</Filter>
    </ClInclude>
    <ClInclude Include="external\tbb\pipeline.h">
      <Filter>Header Files</Filter>
    </ClInclude>
    <ClInclude Include="external\tbb\queuing_mutex.h">
      <Filter>Header Files</Filter>
    </ClInclude>
    <ClInclude Include="external\tbb\queuing_rw_mutex.h">
      <Filter>Header Files</Filter>
    </ClInclude>
    <ClInclude Include="external\tbb\reader_writer_lock.h">
      <Filter>Header Files</Filter>
    </ClInclude>
    <ClInclude Include="external\tbb\recursive_mutex.h">
      <Filter>Header Files</Filter>
    </ClInclude>
    <ClInclude Include="external\tbb\runtime_loader.h">
      <Filter>Header Files</Filter>
    </ClInclude>
    <ClInclude Include="external\tbb\scalable_allocator.h">
      <Filter>Header Files</Filter>
    </ClInclude>
    <ClInclude Include="external\tbb\spin_mutex.h">
      <Filter>Header Files</Filter>
    </ClInclude>
    <ClInclude Include="external\tbb\spin_rw_mutex.h">
      <Filter>Header Files</Filter>
    </ClInclude>
    <ClInclude Include="external\tbb\task.h">
      <Filter>Header Files</Filter>
    </ClInclude>
    <ClInclude Include="external\tbb\task_arena.h">
      <Filter>Header Files</Filter>
    </ClInclude>
    <ClInclude Include="external\tbb\task_group.h">
      <Filter>Header Files</Filter>
    </ClInclude>
    <ClInclude Include="external\tbb\task_scheduler_init.h">
      <Filter>Header Files</Filter>
    </ClInclude>
    <ClInclude Include="external\tbb\task_scheduler_observer.h">
      <Filter>Header Files</Filter>
    </ClInclude>
    <ClInclude Include="external\tbb\tbb.h">
      <Filter>Header Files</Filter>
    </ClInclude>
    <ClInclude Include="external\tbb\tbb_allocator.h">
      <Filter>Header Files</Filter>
    </ClInclude>
    <ClInclude Include="external\tbb\tbb_config.h">
      <Filter>Header Files</Filter>
    </ClInclude>
    <ClInclude Include="external\tbb\tbb_disable_exceptions.h">
      <Filter>Header Files</Filter>
    </ClInclude>
    <ClInclude Include="external\tbb\tbb_exception.h">
      <Filter>Header Files</Filter>
    </ClInclude>
    <ClInclude Include="external\tbb\tbb_machine.h">
      <Filter>Header Files</Filter>
    </ClInclude>
    <ClInclude Include="external\tbb\tbb_profiling.h">
      <Filter>Header Files</Filter>
    </ClInclude>
    <ClInclude Include="external\tbb\tbb_stddef.h">
      <Filter>Header Files</Filter>
    </ClInclude>
    <ClInclude Include="external\tbb\tbb_thread.h">
      <Filter>Header Files</Filter>
    </ClInclude>
    <ClInclude Include="external\tbb\tbbmalloc_proxy.h">
      <Filter>Header Files</Filter>
    </ClInclude>
    <ClInclude Include="external\tbb\tick_count.h">
      <Filter>Header Files</Filter>
    </ClInclude>
    <ClInclude Include="external\tiny_obj_loader\tiny_obj_loader.h">
      <Filter>Header Files</Filter>
    </ClInclude>
    <ClInclude Include="src\platform.h">
      <Filter>Header Files</Filter>
    </ClInclude>
  </ItemGroup>
  <ItemGroup>
    <None Include="src\image\svpng.inc">
      <Filter>Header Files\imageio</Filter>
    </None>
    <None Include="external\tbb\index.html" />
  </ItemGroup>
</Project>