<?xml version="1.0" encoding="utf-8"?>
<Project ToolsVersion="4.0" xmlns="http://schemas.microsoft.com/developer/msbuild/2003">
  <ItemGroup>
    <Filter Include="Source Files">
      <UniqueIdentifier>{4FC737F1-C7A5-4376-A066-2A32D752A2FF}</UniqueIdentifier>
      <Extensions>cpp;c;cc;cxx;def;odl;idl;hpj;bat;asm;asmx</Extensions>
    </Filter>
    <Filter Include="Header Files">
      <UniqueIdentifier>{93995380-89BD-4b04-88EB-625FBE52EBFB}</UniqueIdentifier>
      <Extensions>h;hh;hpp;hxx;hm;inl;inc;xsd</Extensions>
    </Filter>
    <Filter Include="Resource Files">
      <UniqueIdentifier>{67DA6AB6-F800-4c08-8B7A-83BB121AAD01}</UniqueIdentifier>
      <Extensions>rc;ico;cur;bmp;dlg;rc2;rct;bin;rgs;gif;jpg;jpeg;jpe;resx;tiff;tif;png;wav;mfcribbon-ms</Extensions>
    </Filter>
    <Filter Include="Header Files\sampler">
      <UniqueIdentifier>{2258e439-3de2-49a8-95d0-0b00a3fd0b92}</UniqueIdentifier>
    </Filter>
    <Filter Include="Header Files\math">
      <UniqueIdentifier>{84bb62b6-de73-4d8b-b518-cbbdab4c9518}</UniqueIdentifier>
    </Filter>
    <Filter Include="Header Files\sampling">
      <UniqueIdentifier>{cd7aefdc-9723-469c-9ef4-3bb4911934d5}</UniqueIdentifier>
    </Filter>
    <Filter Include="Header Files\geometry">
      <UniqueIdentifier>{ce5ee37a-5e40-482a-ad58-0ca146e0b0b5}</UniqueIdentifier>
    </Filter>
    <Filter Include="Header Files\intersection">
      <UniqueIdentifier>{51496eee-9e5c-4d9f-81de-f352392862e2}</UniqueIdentifier>
    </Filter>
    <Filter Include="Header Files\bsdf">
      <UniqueIdentifier>{b58fc185-e144-426a-ac73-0b9e359e08cd}</UniqueIdentifier>
    </Filter>
    <Filter Include="Header Files\material">
      <UniqueIdentifier>{ecc57799-064d-48a8-8e0b-cace23490af7}</UniqueIdentifier>
    </Filter>
    <Filter Include="Header Files\shape">
      <UniqueIdentifier>{95db4930-870c-4d70-88fc-fce7c2815962}</UniqueIdentifier>
    </Filter>
    <Filter Include="Header Files\light">
      <UniqueIdentifier>{6a641580-bc79-4791-b46f-2095060cc506}</UniqueIdentifier>
    </Filter>
    <Filter Include="Header Files\imageio">
      <UniqueIdentifier>{c7b93930-8784-4885-a3ab-f5528ef3f967}</UniqueIdentifier>
    </Filter>
    <Filter Include="Header Files\film">
      <UniqueIdentifier>{a3b056e9-e4c8-4660-b820-1083f98decf5}</UniqueIdentifier>
    </Filter>
    <Filter Include="Header Files\filter">
      <UniqueIdentifier>{1417554e-f18c-44df-99b4-cfabb53158e3}</UniqueIdentifier>
    </Filter>
    <Filter Include="Header Files\camera">
      <UniqueIdentifier>{6105c7e8-a235-456c-aa52-fffc1a733ed5}</UniqueIdentifier>
    </Filter>
    <Filter Include="Header Files\scene">
      <UniqueIdentifier>{0a4f9b8e-e506-4e48-bccf-7bdbb5dd5ddb}</UniqueIdentifier>
    </Filter>
    <Filter Include="Header Files\integrator">
      <UniqueIdentifier>{b9d48280-0fee-4b49-a70b-47ec5777e88d}</UniqueIdentifier>
    </Filter>
    <Filter Include="Source Files\integrator">
      <UniqueIdentifier>{64b9aebf-2e1d-4f2a-ac60-d185ccdd28be}</UniqueIdentifier>
    </Filter>
    <Filter Include="Source Files\sampler">
      <UniqueIdentifier>{d55fbb99-cbd6-4e6c-a885-79cb51e834bb}</UniqueIdentifier>
    </Filter>
    <Filter Include="Source Files\math">
      <UniqueIdentifier>{0b7e81bd-41d5-479e-803c-d4ccf463111a}</UniqueIdentifier>
    </Filter>
    <Filter Include="Source Files\sampling">
      <UniqueIdentifier>{36674d5d-bec0-47a2-af5d-e3302c554aa0}</UniqueIdentifier>
    </Filter>
    <Filter Include="Header Files\system">
      <UniqueIdentifier>{17b52b70-e539-4b64-961f-91158fd34758}</UniqueIdentifier>
    </Filter>
    <Filter Include="Header Files\numeric">
      <UniqueIdentifier>{1d1011f0-f04c-48d9-809c-fadcef0bb2b8}</UniqueIdentifier>
    </Filter>
    <Filter Include="Source Files\numeric">
      <UniqueIdentifier>{373f84cf-13b9-4871-b61e-eea158613a25}</UniqueIdentifier>
    </Filter>
    <Filter Include="Header Files\primitive">
      <UniqueIdentifier>{c1659d2b-8d11-4b68-a0fa-ac3f9fde1b15}</UniqueIdentifier>
    </Filter>
    <Filter Include="Header Files\simd">
      <UniqueIdentifier>{5968d54f-34f4-4aa6-ad01-e5db02e23e4d}</UniqueIdentifier>
    </Filter>
    <Filter Include="Source Files\geometry">
      <UniqueIdentifier>{6242d077-5c20-4dd9-aea1-ebf4e12634a2}</UniqueIdentifier>
    </Filter>
    <Filter Include="Source Files\primitive">
      <UniqueIdentifier>{5a74a1be-2f8a-40ca-8a65-59145923ad31}</UniqueIdentifier>
    </Filter>
    <Filter Include="Header Files\accelerator">
      <UniqueIdentifier>{12581f52-ad65-4d90-9142-cbebdadcb448}</UniqueIdentifier>
    </Filter>
    <Filter Include="Header Files\texture">
      <UniqueIdentifier>{13255c48-bdc5-429e-bde3-69df4b4a27ff}</UniqueIdentifier>
    </Filter>
    <Filter Include="Source Files\intersection">
      <UniqueIdentifier>{c242105b-5d24-4fad-9628-80ef4819a1f7}</UniqueIdentifier>
    </Filter>
    <Filter Include="Source Files\shape">
      <UniqueIdentifier>{613dda42-3b0b-4dd3-9353-09d43112486d}</UniqueIdentifier>
    </Filter>
    <Filter Include="Source Files\accelerator">
      <UniqueIdentifier>{d5246745-fd46-4e45-b610-ec256b469a1e}</UniqueIdentifier>
    </Filter>
    <Filter Include="Source Files\system">
      <UniqueIdentifier>{99fa6f3a-3c3b-47a3-b472-9d8a73c85c66}</UniqueIdentifier>
    </Filter>
    <Filter Include="Source Files\bsdf">
      <UniqueIdentifier>{5840c55f-7532-47a6-870d-031fd6ff2327}</UniqueIdentifier>
    </Filter>
    <Filter Include="Header Files\mesh">
      <UniqueIdentifier>{801575a9-b6a1-48db-8614-e3f22b8d8d1d}</UniqueIdentifier>
    </Filter>
    <Filter Include="Source Files\mesh">
      <UniqueIdentifier>{48bee6f0-d373-412e-af79-3a62d1e4e5cf}</UniqueIdentifier>
    </Filter>
    <Filter Include="Source Files\scene">
      <UniqueIdentifier>{7a5dc246-8f68-4932-b8c5-b154b7d60660}</UniqueIdentifier>
    </Filter>
    <Filter Include="Source Files\camera">
      <UniqueIdentifier>{fcf38495-6f02-4f8f-8ce2-3e700dee57b2}</UniqueIdentifier>
    </Filter>
    <Filter Include="Source Files\film">
      <UniqueIdentifier>{01840f26-a326-4683-b94b-d719db5c8099}</UniqueIdentifier>
    </Filter>
    <Filter Include="Source Files\texture">
      <UniqueIdentifier>{052c66f3-3be2-4ed0-867f-ace99fbf22f0}</UniqueIdentifier>
    </Filter>
    <Filter Include="Source Files\imageio">
      <UniqueIdentifier>{a8d36f7d-5012-4df9-a4b9-bcadd179f004}</UniqueIdentifier>
    </Filter>
    <Filter Include="Source Files\light">
      <UniqueIdentifier>{7cf5bb47-917d-4cd8-ba8d-87bc4b87ed6d}</UniqueIdentifier>
    </Filter>
  </ItemGroup>
  <ItemGroup>
    <ClCompile Include="sampler.cpp">
      <Filter>Source Files\sampler</Filter>
    </ClCompile>
    <ClCompile Include="linagl.cpp">
      <Filter>Source Files\math</Filter>
    </ClCompile>
    <ClCompile Include="lowdiscrepency.cpp">
      <Filter>Source Files</Filter>
    </ClCompile>
    <ClCompile Include="sampling.cpp">
      <Filter>Source Files\sampling</Filter>
    </ClCompile>
    <ClCompile Include="efloat.cpp">
      <Filter>Source Files\numeric</Filter>
    </ClCompile>
    <ClCompile Include="debug_utils.cpp">
      <Filter>Source Files</Filter>
    </ClCompile>
    <ClCompile Include="transform.cpp">
      <Filter>Source Files\math</Filter>
    </ClCompile>
    <ClCompile Include="ray.cpp">
      <Filter>Source Files\geometry</Filter>
    </ClCompile>
    <ClCompile Include="primitive.cpp">
      <Filter>Source Files\primitive</Filter>
    </ClCompile>
    <ClCompile Include="intersection.cpp">
      <Filter>Source Files\intersection</Filter>
    </ClCompile>
    <ClCompile Include="AABB.cpp">
      <Filter>Source Files\geometry</Filter>
    </ClCompile>
    <ClCompile Include="triangle.cpp">
      <Filter>Source Files\shape</Filter>
    </ClCompile>
    <ClCompile Include="shape.cpp">
      <Filter>Source Files\shape</Filter>
    </ClCompile>
    <ClCompile Include="kdtree_accel.cpp">
      <Filter>Source Files\accelerator</Filter>
    </ClCompile>
    <ClCompile Include="memory.cpp">
      <Filter>Source Files\system</Filter>
    </ClCompile>
    <ClCompile Include="microfacet.cpp">
      <Filter>Source Files\bsdf</Filter>
    </ClCompile>
    <ClCompile Include="bsdf.cpp">
      <Filter>Source Files\bsdf</Filter>
    </ClCompile>
    <ClCompile Include="mesh.cpp">
      <Filter>Source Files\mesh</Filter>
    </ClCompile>
    <ClCompile Include="scene.cpp">
      <Filter>Source Files\scene</Filter>
    </ClCompile>
    <ClCompile Include="camera.cpp">
      <Filter>Source Files\camera</Filter>
    </ClCompile>
    <ClCompile Include="phinhole.cpp">
      <Filter>Source Files\camera</Filter>
    </ClCompile>
    <ClCompile Include="film.cpp">
      <Filter>Source Files\film</Filter>
    </ClCompile>
    <ClCompile Include="image_io.cpp">
      <Filter>Source Files\imageio</Filter>
    </ClCompile>
    <ClCompile Include="sppm.cpp">
      <Filter>Source Files\integrator</Filter>
    </ClCompile>
    <ClCompile Include="bvh_accel.cpp">
      <Filter>Source Files\accelerator</Filter>
    </ClCompile>
    <ClCompile Include="environment_light.cpp">
      <Filter>Source Files\light</Filter>
    </ClCompile>
  </ItemGroup>
  <ItemGroup>
    <ClInclude Include="lowdiscrepency.h">
      <Filter>Header Files</Filter>
    </ClInclude>
    <ClInclude Include="halton.h">
      <Filter>Header Files\sampler</Filter>
    </ClInclude>
    <ClInclude Include="sampler.h">
      <Filter>Header Files\sampler</Filter>
    </ClInclude>
    <ClInclude Include="def.h">
      <Filter>Header Files</Filter>
    </ClInclude>
    <ClInclude Include="rng.h">
      <Filter>Header Files</Filter>
    </ClInclude>
    <ClInclude Include="linagl.h">
      <Filter>Header Files\math</Filter>
    </ClInclude>
    <ClInclude Include="utils.h">
      <Filter>Header Files</Filter>
    </ClInclude>
    <ClInclude Include="sampling.h">
      <Filter>Header Files\sampling</Filter>
    </ClInclude>
    <ClInclude Include="scalar.h">
      <Filter>Header Files\math</Filter>
    </ClInclude>
    <ClInclude Include="threading.h">
      <Filter>Header Files\system</Filter>
    </ClInclude>
    <ClInclude Include="AABB.h">
      <Filter>Header Files\geometry</Filter>
    </ClInclude>
    <ClInclude Include="ray.h">
      <Filter>Header Files\geometry</Filter>
    </ClInclude>
    <ClInclude Include="intersection.h">
      <Filter>Header Files\intersection</Filter>
    </ClInclude>
    <ClInclude Include="bsdf.h">
      <Filter>Header Files\bsdf</Filter>
    </ClInclude>
    <ClInclude Include="material.h">
      <Filter>Header Files\material</Filter>
    </ClInclude>
    <ClInclude Include="shape.h">
      <Filter>Header Files\shape</Filter>
    </ClInclude>
    <ClInclude Include="sphere.h">
      <Filter>Header Files\shape</Filter>
    </ClInclude>
    <ClInclude Include="light.h">
      <Filter>Header Files\light</Filter>
    </ClInclude>
    <ClInclude Include="arealight.h">
      <Filter>Header Files\light</Filter>
    </ClInclude>
    <ClInclude Include="filter.h">
      <Filter>Header Files\filter</Filter>
    </ClInclude>
    <ClInclude Include="film.h">
      <Filter>Header Files\film</Filter>
    </ClInclude>
    <ClInclude Include="camera.h">
      <Filter>Header Files\camera</Filter>
    </ClInclude>
    <ClInclude Include="phinhole.h">
      <Filter>Header Files\camera</Filter>
    </ClInclude>
    <ClInclude Include="visibility.h">
      <Filter>Header Files\intersection</Filter>
    </ClInclude>
    <ClInclude Include="scene.h">
      <Filter>Header Files\scene</Filter>
    </ClInclude>
    <ClInclude Include="integrator.h">
      <Filter>Header Files\integrator</Filter>
    </ClInclude>
    <ClInclude Include="hashgrid.h">
      <Filter>Header Files\integrator</Filter>
    </ClInclude>
    <ClInclude Include="sppm.h">
      <Filter>Header Files\integrator</Filter>
    </ClInclude>
    <ClInclude Include="renderer.h">
      <Filter>Header Files</Filter>
    </ClInclude>
    <ClInclude Include="sampler_enum.h">
      <Filter>Header Files\sampler</Filter>
    </ClInclude>
    <ClInclude Include="geometry_util.h">
      <Filter>Header Files\math</Filter>
    </ClInclude>
    <ClInclude Include="math_utils.h">
      <Filter>Header Files\math</Filter>
    </ClInclude>
    <ClInclude Include="memory.h">
      <Filter>Header Files\system</Filter>
    </ClInclude>
    <ClInclude Include="efloat.h">
      <Filter>Header Files\numeric</Filter>
    </ClInclude>
    <ClInclude Include="numeric_utils.h">
      <Filter>Header Files\numeric</Filter>
    </ClInclude>
    <ClInclude Include="image_io.h">
      <Filter>Header Files\imageio</Filter>
    </ClInclude>
    <ClInclude Include="primitive.h">
      <Filter>Header Files\primitive</Filter>
    </ClInclude>
    <ClInclude Include="debug_utils.h">
      <Filter>Header Files</Filter>
    </ClInclude>
    <ClInclude Include="sse.h">
      <Filter>Header Files\simd</Filter>
    </ClInclude>
    <ClInclude Include="avx.h">
      <Filter>Header Files\simd</Filter>
    </ClInclude>
    <ClInclude Include="transform.h">
      <Filter>Header Files\math</Filter>
    </ClInclude>
    <ClInclude Include="diffuse.h">
      <Filter>Header Files\material</Filter>
    </ClInclude>
    <ClInclude Include="brute_force.h">
      <Filter>Header Files\accelerator</Filter>
    </ClInclude>
    <ClInclude Include="accelerator.h">
      <Filter>Header Files\accelerator</Filter>
    </ClInclude>
    <ClInclude Include="texture.h">
      <Filter>Header Files\texture</Filter>
    </ClInclude>
    <ClInclude Include="constant_texture.h">
      <Filter>Header Files\texture</Filter>
    </ClInclude>
    <ClInclude Include="mirror.h">
      <Filter>Header Files\material</Filter>
    </ClInclude>
    <ClInclude Include="glass.h">
      <Filter>Header Files\material</Filter>
    </ClInclude>
    <ClInclude Include="triangle.h">
      <Filter>Header Files\shape</Filter>
    </ClInclude>
    <ClInclude Include="kdtree_accel.h">
      <Filter>Header Files\accelerator</Filter>
    </ClInclude>
    <ClInclude Include="microfacet.h">
      <Filter>Header Files\bsdf</Filter>
    </ClInclude>
    <ClInclude Include="roughness.h">
      <Filter>Header Files\material</Filter>
    </ClInclude>
    <ClInclude Include="array.h">
      <Filter>Header Files\math</Filter>
    </ClInclude>
    <ClInclude Include="mesh.h">
      <Filter>Header Files\mesh</Filter>
    </ClInclude>
    <ClInclude Include="image_texture.h">
      <Filter>Header Files\texture</Filter>
    </ClInclude>
    <ClInclude Include="bvh_accel.h">
      <Filter>Header Files\accelerator</Filter>
    </ClInclude>
    <ClInclude Include="environment_map.h">
      <Filter>Header Files\light</Filter>
    </ClInclude>
    <ClInclude Include="environment_light.h">
      <Filter>Header Files\light</Filter>
    </ClInclude>
  </ItemGroup>
  <ItemGroup>
    <None Include="svpng.inc">
      <Filter>Header Files\imageio</Filter>
    </None>
  </ItemGroup>
</Project>